Microsoft Visual Studio Solution File, Format Version 12.00
# Visual Studio 15
VisualStudioVersion = 15.0.26124.0
MinimumVisualStudioVersion = 15.0.26124.0
Project("{FAE04EC0-301F-11D3-BF4B-00C04F79EFBC}") = "DiscordLoggerv2.Client", "Client\DiscordLoggerv2.Client.csproj", "{CF7BC84B-5CF0-4F74-80A3-E22D43E243EE}"
EndProject
Project("{FAE04EC0-301F-11D3-BF4B-00C04F79EFBC}") = "DiscordLoggerv2.Server", "Server\DiscordLoggerv2.Server.csproj", "{58397C19-D3B0-454F-ACA2-0AC3B50C6011}"
EndProject
Global
	GlobalSection(SolutionConfigurationPlatforms) = preSolution
		Debug|Any CPU = Debug|Any CPU
		Release|Any CPU = Release|Any CPU
	EndGlobalSection
	GlobalSection(SolutionProperties) = preSolution
		HideSolutionNode = FALSE
	EndGlobalSection
	GlobalSection(ProjectConfigurationPlatforms) = postSolution
		{CF7BC84B-5CF0-4F74-80A3-E22D43E243EE}.Debug|Any CPU.ActiveCfg = Debug|Any CPU
		{CF7BC84B-5CF0-4F74-80A3-E22D43E243EE}.Debug|Any CPU.Build.0 = Debug|Any CPU
		{CF7BC84B-5CF0-4F74-80A3-E22D43E243EE}.Release|Any CPU.ActiveCfg = Release|Any CPU
		{CF7BC84B-5CF0-4F74-80A3-E22D43E243EE}.Release|Any CPU.Build.0 = Release|Any CPU
		{58397C19-D3B0-454F-ACA2-0AC3B50C6011}.Debug|Any CPU.ActiveCfg = Debug|Any CPU
		{58397C19-D3B0-454F-ACA2-0AC3B50C6011}.Debug|Any CPU.Build.0 = Debug|Any CPU
		{58397C19-D3B0-454F-ACA2-0AC3B50C6011}.Release|Any CPU.ActiveCfg = Release|Any CPU
		{58397C19-D3B0-454F-ACA2-0AC3B50C6011}.Release|Any CPU.Build.0 = Release|Any CPU
	EndGlobalSection
EndGlobal
